
Microsoft Visual Studio Solution File, Format Version 12.00
# Visual Studio Version 17
VisualStudioVersion = 17.10.35004.147
MinimumVisualStudioVersion = 10.0.40219.1
Project("{9A19103F-16F7-4668-BE54-9A1E7A4F7556}") = "AndBank.Console", "src\AndBank.Console\AndBank.Console.csproj", "{106AC082-2895-4293-BB71-58AAB634DEBB}"
EndProject
Project("{2150E333-8FDC-42A3-9474-1A3956D46DE8}") = "Application", "Application", "{F9309F71-3162-45AC-A4CE-5AB63F546B67}"
EndProject
Project("{9A19103F-16F7-4668-BE54-9A1E7A4F7556}") = "AndBank.Process.Business", "src\AndBank.Business\AndBank.Process.Business.csproj", "{C91D6EF1-0DFE-43F5-A370-74518286270B}"
EndProject
Project("{2150E333-8FDC-42A3-9474-1A3956D46DE8}") = "Test", "Test", "{931EA221-4BC2-47EB-9151-35DE6245AD46}"
EndProject
Project("{9A19103F-16F7-4668-BE54-9A1E7A4F7556}") = "AndBank.Core", "src\AndBank.Core\AndBank.Core.csproj", "{2D046607-71B0-4F82-90A7-155EB9CCDD46}"
EndProject
Project("{2150E333-8FDC-42A3-9474-1A3956D46DE8}") = "Services", "Services", "{F0936523-70F8-4D5D-AB3C-8FAAE2C1C882}"
EndProject
Project("{2150E333-8FDC-42A3-9474-1A3956D46DE8}") = "ProcessData", "ProcessData", "{5AC17BF4-2939-41A8-9B7B-B91A60E97A56}"
EndProject
Project("{9A19103F-16F7-4668-BE54-9A1E7A4F7556}") = "AndBank.Process.Application", "src\AndBank.Process.Application\AndBank.Process.Application.csproj", "{586149C2-D2BF-4AE7-A772-C9DA38E8B819}"
EndProject
Project("{2150E333-8FDC-42A3-9474-1A3956D46DE8}") = "Core", "Core", "{B54D52BA-3F8B-4831-B07C-4115CAD1C5F0}"
EndProject
Project("{9A19103F-16F7-4668-BE54-9A1E7A4F7556}") = "AndBank.Api", "src\AndBank.Api\AndBank.Api.csproj", "{B0CFA71B-1961-4F7C-B212-9F5CFD0E1DB4}"
EndProject
Project("{E53339B2-1760-4266-BCC7-CA923CBCF16C}") = "docker-compose", "docker-compose.dcproj", "{CAA4203F-D71D-4777-9DDB-0BE8F0781D54}"
EndProject
Project("{9A19103F-16F7-4668-BE54-9A1E7A4F7556}") = "AndBank.Process.Data", "src\AndBank.Process.Data\AndBank.Process.Data.csproj", "{EACCE9E5-7E01-45BB-8670-9620BBF2CDE2}"
EndProject
Project("{FAE04EC0-301F-11D3-BF4B-00C04F79EFBC}") = "AndBank.Integration.Tests", "tests\AndBank.Integration.Tests\AndBank.Integration.Tests.csproj", "{B4D9853E-6B3A-4EA6-AE6C-8AC8239E4824}"
EndProject
Global
	GlobalSection(SolutionConfigurationPlatforms) = preSolution
		Debug|Any CPU = Debug|Any CPU
		Release|Any CPU = Release|Any CPU
	EndGlobalSection
	GlobalSection(ProjectConfigurationPlatforms) = postSolution
		{106AC082-2895-4293-BB71-58AAB634DEBB}.Debug|Any CPU.ActiveCfg = Debug|Any CPU
		{106AC082-2895-4293-BB71-58AAB634DEBB}.Debug|Any CPU.Build.0 = Debug|Any CPU
		{106AC082-2895-4293-BB71-58AAB634DEBB}.Release|Any CPU.ActiveCfg = Release|Any CPU
		{106AC082-2895-4293-BB71-58AAB634DEBB}.Release|Any CPU.Build.0 = Release|Any CPU
		{C91D6EF1-0DFE-43F5-A370-74518286270B}.Debug|Any CPU.ActiveCfg = Debug|Any CPU
		{C91D6EF1-0DFE-43F5-A370-74518286270B}.Debug|Any CPU.Build.0 = Debug|Any CPU
		{C91D6EF1-0DFE-43F5-A370-74518286270B}.Release|Any CPU.ActiveCfg = Release|Any CPU
		{C91D6EF1-0DFE-43F5-A370-74518286270B}.Release|Any CPU.Build.0 = Release|Any CPU
		{2D046607-71B0-4F82-90A7-155EB9CCDD46}.Debug|Any CPU.ActiveCfg = Debug|Any CPU
		{2D046607-71B0-4F82-90A7-155EB9CCDD46}.Debug|Any CPU.Build.0 = Debug|Any CPU
		{2D046607-71B0-4F82-90A7-155EB9CCDD46}.Release|Any CPU.ActiveCfg = Release|Any CPU
		{2D046607-71B0-4F82-90A7-155EB9CCDD46}.Release|Any CPU.Build.0 = Release|Any CPU
		{586149C2-D2BF-4AE7-A772-C9DA38E8B819}.Debug|Any CPU.ActiveCfg = Debug|Any CPU
		{586149C2-D2BF-4AE7-A772-C9DA38E8B819}.Debug|Any CPU.Build.0 = Debug|Any CPU
		{586149C2-D2BF-4AE7-A772-C9DA38E8B819}.Release|Any CPU.ActiveCfg = Release|Any CPU
		{586149C2-D2BF-4AE7-A772-C9DA38E8B819}.Release|Any CPU.Build.0 = Release|Any CPU
		{B0CFA71B-1961-4F7C-B212-9F5CFD0E1DB4}.Debug|Any CPU.ActiveCfg = Debug|Any CPU
		{B0CFA71B-1961-4F7C-B212-9F5CFD0E1DB4}.Debug|Any CPU.Build.0 = Debug|Any CPU
		{B0CFA71B-1961-4F7C-B212-9F5CFD0E1DB4}.Release|Any CPU.ActiveCfg = Release|Any CPU
		{B0CFA71B-1961-4F7C-B212-9F5CFD0E1DB4}.Release|Any CPU.Build.0 = Release|Any CPU
		{CAA4203F-D71D-4777-9DDB-0BE8F0781D54}.Debug|Any CPU.ActiveCfg = Debug|Any CPU
		{CAA4203F-D71D-4777-9DDB-0BE8F0781D54}.Debug|Any CPU.Build.0 = Debug|Any CPU
		{CAA4203F-D71D-4777-9DDB-0BE8F0781D54}.Release|Any CPU.ActiveCfg = Release|Any CPU
		{CAA4203F-D71D-4777-9DDB-0BE8F0781D54}.Release|Any CPU.Build.0 = Release|Any CPU
		{EACCE9E5-7E01-45BB-8670-9620BBF2CDE2}.Debug|Any CPU.ActiveCfg = Debug|Any CPU
		{EACCE9E5-7E01-45BB-8670-9620BBF2CDE2}.Debug|Any CPU.Build.0 = Debug|Any CPU
		{EACCE9E5-7E01-45BB-8670-9620BBF2CDE2}.Release|Any CPU.ActiveCfg = Release|Any CPU
		{EACCE9E5-7E01-45BB-8670-9620BBF2CDE2}.Release|Any CPU.Build.0 = Release|Any CPU
		{B4D9853E-6B3A-4EA6-AE6C-8AC8239E4824}.Debug|Any CPU.ActiveCfg = Debug|Any CPU
		{B4D9853E-6B3A-4EA6-AE6C-8AC8239E4824}.Debug|Any CPU.Build.0 = Debug|Any CPU
		{B4D9853E-6B3A-4EA6-AE6C-8AC8239E4824}.Release|Any CPU.ActiveCfg = Release|Any CPU
		{B4D9853E-6B3A-4EA6-AE6C-8AC8239E4824}.Release|Any CPU.Build.0 = Release|Any CPU
	EndGlobalSection
	GlobalSection(SolutionProperties) = preSolution
		HideSolutionNode = FALSE
	EndGlobalSection
	GlobalSection(NestedProjects) = preSolution
		{106AC082-2895-4293-BB71-58AAB634DEBB} = {F9309F71-3162-45AC-A4CE-5AB63F546B67}
		{C91D6EF1-0DFE-43F5-A370-74518286270B} = {5AC17BF4-2939-41A8-9B7B-B91A60E97A56}
		{2D046607-71B0-4F82-90A7-155EB9CCDD46} = {B54D52BA-3F8B-4831-B07C-4115CAD1C5F0}
		{5AC17BF4-2939-41A8-9B7B-B91A60E97A56} = {F0936523-70F8-4D5D-AB3C-8FAAE2C1C882}
		{586149C2-D2BF-4AE7-A772-C9DA38E8B819} = {5AC17BF4-2939-41A8-9B7B-B91A60E97A56}
		{B54D52BA-3F8B-4831-B07C-4115CAD1C5F0} = {F0936523-70F8-4D5D-AB3C-8FAAE2C1C882}
		{B0CFA71B-1961-4F7C-B212-9F5CFD0E1DB4} = {F9309F71-3162-45AC-A4CE-5AB63F546B67}
		{EACCE9E5-7E01-45BB-8670-9620BBF2CDE2} = {5AC17BF4-2939-41A8-9B7B-B91A60E97A56}
		{B4D9853E-6B3A-4EA6-AE6C-8AC8239E4824} = {931EA221-4BC2-47EB-9151-35DE6245AD46}
	EndGlobalSection
	GlobalSection(ExtensibilityGlobals) = postSolution
		SolutionGuid = {82BA0872-7CCD-404E-96A4-208916D2DE5C}
	EndGlobalSection
EndGlobal
